
Microsoft Visual Studio Solution File, Format Version 12.00
# Visual Studio 15
VisualStudioVersion = 15.0.26430.16
MinimumVisualStudioVersion = 10.0.40219.1
Project("{FAE04EC0-301F-11D3-BF4B-00C04F79EFBC}") = "Weather_Application.Android", "Weather Application\Weather_Application.Android\Weather_Application.Android.csproj", "{E8D2EFFF-B986-4089-8F00-79D0A516A614}"
EndProject
Project("{FAE04EC0-301F-11D3-BF4B-00C04F79EFBC}") = "Weather_Application", "Weather Application\Weather_Application\Weather_Application.csproj", "{EF17864E-F428-4D11-A87A-9A1B1C5BD7EA}"
EndProject
Project("{FAE04EC0-301F-11D3-BF4B-00C04F79EFBC}") = "Weather_Application.UWP", "Weather Application\Weather_Application.UWP\Weather_Application.UWP.csproj", "{09B3997D-D225-4A7E-9DFB-9188813AE141}"
EndProject
Project("{FAE04EC0-301F-11D3-BF4B-00C04F79EFBC}") = "Weather_Application.iOS", "Weather Application\Weather_Application.iOS\Weather_Application.iOS.csproj", "{CF823E83-AC01-44AD-B78E-81B09BE44F44}"
EndProject
Project("{2150E333-8FDC-42A3-9474-1A3956D46DE8}") = "UnitTests", "UnitTests", "{CEDE4BFA-81FC-4E92-9C6A-36B238678D63}"
EndProject
Project("{FAE04EC0-301F-11D3-BF4B-00C04F79EFBC}") = "WeatherAppTests", "WeatherAppTests\WeatherAppTests.csproj", "{6FB6D751-3E79-43F1-BCF9-9DCD35A3D011}"
EndProject
Global
	GlobalSection(SolutionConfigurationPlatforms) = preSolution
		Ad-Hoc|Any CPU = Ad-Hoc|Any CPU
		Ad-Hoc|ARM = Ad-Hoc|ARM
		Ad-Hoc|iPhone = Ad-Hoc|iPhone
		Ad-Hoc|iPhoneSimulator = Ad-Hoc|iPhoneSimulator
		Ad-Hoc|x64 = Ad-Hoc|x64
		Ad-Hoc|x86 = Ad-Hoc|x86
		AppStore|Any CPU = AppStore|Any CPU
		AppStore|ARM = AppStore|ARM
		AppStore|iPhone = AppStore|iPhone
		AppStore|iPhoneSimulator = AppStore|iPhoneSimulator
		AppStore|x64 = AppStore|x64
		AppStore|x86 = AppStore|x86
		Debug|Any CPU = Debug|Any CPU
		Debug|ARM = Debug|ARM
		Debug|iPhone = Debug|iPhone
		Debug|iPhoneSimulator = Debug|iPhoneSimulator
		Debug|x64 = Debug|x64
		Debug|x86 = Debug|x86
		Release|Any CPU = Release|Any CPU
		Release|ARM = Release|ARM
		Release|iPhone = Release|iPhone
		Release|iPhoneSimulator = Release|iPhoneSimulator
		Release|x64 = Release|x64
		Release|x86 = Release|x86
	EndGlobalSection
	GlobalSection(ProjectConfigurationPlatforms) = postSolution
		{E8D2EFFF-B986-4089-8F00-79D0A516A614}.Ad-Hoc|Any CPU.ActiveCfg = Release|Any CPU
		{E8D2EFFF-B986-4089-8F00-79D0A516A614}.Ad-Hoc|Any CPU.Build.0 = Release|Any CPU
		{E8D2EFFF-B986-4089-8F00-79D0A516A614}.Ad-Hoc|Any CPU.Deploy.0 = Release|Any CPU
		{E8D2EFFF-B986-4089-8F00-79D0A516A614}.Ad-Hoc|ARM.ActiveCfg = Release|Any CPU
		{E8D2EFFF-B986-4089-8F00-79D0A516A614}.Ad-Hoc|ARM.Build.0 = Release|Any CPU
		{E8D2EFFF-B986-4089-8F00-79D0A516A614}.Ad-Hoc|ARM.Deploy.0 = Release|Any CPU
		{E8D2EFFF-B986-4089-8F00-79D0A516A614}.Ad-Hoc|iPhone.ActiveCfg = Release|Any CPU
		{E8D2EFFF-B986-4089-8F00-79D0A516A614}.Ad-Hoc|iPhone.Build.0 = Release|Any CPU
		{E8D2EFFF-B986-4089-8F00-79D0A516A614}.Ad-Hoc|iPhone.Deploy.0 = Release|Any CPU
		{E8D2EFFF-B986-4089-8F00-79D0A516A614}.Ad-Hoc|iPhoneSimulator.ActiveCfg = Release|Any CPU
		{E8D2EFFF-B986-4089-8F00-79D0A516A614}.Ad-Hoc|iPhoneSimulator.Build.0 = Release|Any CPU
		{E8D2EFFF-B986-4089-8F00-79D0A516A614}.Ad-Hoc|iPhoneSimulator.Deploy.0 = Release|Any CPU
		{E8D2EFFF-B986-4089-8F00-79D0A516A614}.Ad-Hoc|x64.ActiveCfg = Release|Any CPU
		{E8D2EFFF-B986-4089-8F00-79D0A516A614}.Ad-Hoc|x64.Build.0 = Release|Any CPU
		{E8D2EFFF-B986-4089-8F00-79D0A516A614}.Ad-Hoc|x64.Deploy.0 = Release|Any CPU
		{E8D2EFFF-B986-4089-8F00-79D0A516A614}.Ad-Hoc|x86.ActiveCfg = Release|Any CPU
		{E8D2EFFF-B986-4089-8F00-79D0A516A614}.Ad-Hoc|x86.Build.0 = Release|Any CPU
		{E8D2EFFF-B986-4089-8F00-79D0A516A614}.Ad-Hoc|x86.Deploy.0 = Release|Any CPU
		{E8D2EFFF-B986-4089-8F00-79D0A516A614}.AppStore|Any CPU.ActiveCfg = Release|Any CPU
		{E8D2EFFF-B986-4089-8F00-79D0A516A614}.AppStore|Any CPU.Build.0 = Release|Any CPU
		{E8D2EFFF-B986-4089-8F00-79D0A516A614}.AppStore|Any CPU.Deploy.0 = Release|Any CPU
		{E8D2EFFF-B986-4089-8F00-79D0A516A614}.AppStore|ARM.ActiveCfg = Release|Any CPU
		{E8D2EFFF-B986-4089-8F00-79D0A516A614}.AppStore|ARM.Build.0 = Release|Any CPU
		{E8D2EFFF-B986-4089-8F00-79D0A516A614}.AppStore|ARM.Deploy.0 = Release|Any CPU
		{E8D2EFFF-B986-4089-8F00-79D0A516A614}.AppStore|iPhone.ActiveCfg = Release|Any CPU
		{E8D2EFFF-B986-4089-8F00-79D0A516A614}.AppStore|iPhone.Build.0 = Release|Any CPU
		{E8D2EFFF-B986-4089-8F00-79D0A516A614}.AppStore|iPhone.Deploy.0 = Release|Any CPU
		{E8D2EFFF-B986-4089-8F00-79D0A516A614}.AppStore|iPhoneSimulator.ActiveCfg = Release|Any CPU
		{E8D2EFFF-B986-4089-8F00-79D0A516A614}.AppStore|iPhoneSimulator.Build.0 = Release|Any CPU
		{E8D2EFFF-B986-4089-8F00-79D0A516A614}.AppStore|iPhoneSimulator.Deploy.0 = Release|Any CPU
		{E8D2EFFF-B986-4089-8F00-79D0A516A614}.AppStore|x64.ActiveCfg = Release|Any CPU
		{E8D2EFFF-B986-4089-8F00-79D0A516A614}.AppStore|x64.Build.0 = Release|Any CPU
		{E8D2EFFF-B986-4089-8F00-79D0A516A614}.AppStore|x64.Deploy.0 = Release|Any CPU
		{E8D2EFFF-B986-4089-8F00-79D0A516A614}.AppStore|x86.ActiveCfg = Release|Any CPU
		{E8D2EFFF-B986-4089-8F00-79D0A516A614}.AppStore|x86.Build.0 = Release|Any CPU
		{E8D2EFFF-B986-4089-8F00-79D0A516A614}.AppStore|x86.Deploy.0 = Release|Any CPU
		{E8D2EFFF-B986-4089-8F00-79D0A516A614}.Debug|Any CPU.ActiveCfg = Debug|Any CPU
		{E8D2EFFF-B986-4089-8F00-79D0A516A614}.Debug|Any CPU.Build.0 = Debug|Any CPU
		{E8D2EFFF-B986-4089-8F00-79D0A516A614}.Debug|Any CPU.Deploy.0 = Debug|Any CPU
		{E8D2EFFF-B986-4089-8F00-79D0A516A614}.Debug|ARM.ActiveCfg = Debug|Any CPU
		{E8D2EFFF-B986-4089-8F00-79D0A516A614}.Debug|ARM.Build.0 = Debug|Any CPU
		{E8D2EFFF-B986-4089-8F00-79D0A516A614}.Debug|ARM.Deploy.0 = Debug|Any CPU
		{E8D2EFFF-B986-4089-8F00-79D0A516A614}.Debug|iPhone.ActiveCfg = Debug|Any CPU
		{E8D2EFFF-B986-4089-8F00-79D0A516A614}.Debug|iPhone.Build.0 = Debug|Any CPU
		{E8D2EFFF-B986-4089-8F00-79D0A516A614}.Debug|iPhone.Deploy.0 = Debug|Any CPU
		{E8D2EFFF-B986-4089-8F00-79D0A516A614}.Debug|iPhoneSimulator.ActiveCfg = Debug|Any CPU
		{E8D2EFFF-B986-4089-8F00-79D0A516A614}.Debug|iPhoneSimulator.Build.0 = Debug|Any CPU
		{E8D2EFFF-B986-4089-8F00-79D0A516A614}.Debug|iPhoneSimulator.Deploy.0 = Debug|Any CPU
		{E8D2EFFF-B986-4089-8F00-79D0A516A614}.Debug|x64.ActiveCfg = Debug|Any CPU
		{E8D2EFFF-B986-4089-8F00-79D0A516A614}.Debug|x64.Build.0 = Debug|Any CPU
		{E8D2EFFF-B986-4089-8F00-79D0A516A614}.Debug|x64.Deploy.0 = Debug|Any CPU
		{E8D2EFFF-B986-4089-8F00-79D0A516A614}.Debug|x86.ActiveCfg = Debug|Any CPU
		{E8D2EFFF-B986-4089-8F00-79D0A516A614}.Debug|x86.Build.0 = Debug|Any CPU
		{E8D2EFFF-B986-4089-8F00-79D0A516A614}.Debug|x86.Deploy.0 = Debug|Any CPU
		{E8D2EFFF-B986-4089-8F00-79D0A516A614}.Release|Any CPU.ActiveCfg = Release|Any CPU
		{E8D2EFFF-B986-4089-8F00-79D0A516A614}.Release|Any CPU.Build.0 = Release|Any CPU
		{E8D2EFFF-B986-4089-8F00-79D0A516A614}.Release|Any CPU.Deploy.0 = Release|Any CPU
		{E8D2EFFF-B986-4089-8F00-79D0A516A614}.Release|ARM.ActiveCfg = Release|Any CPU
		{E8D2EFFF-B986-4089-8F00-79D0A516A614}.Release|ARM.Build.0 = Release|Any CPU
		{E8D2EFFF-B986-4089-8F00-79D0A516A614}.Release|ARM.Deploy.0 = Release|Any CPU
		{E8D2EFFF-B986-4089-8F00-79D0A516A614}.Release|iPhone.ActiveCfg = Release|Any CPU
		{E8D2EFFF-B986-4089-8F00-79D0A516A614}.Release|iPhone.Build.0 = Release|Any CPU
		{E8D2EFFF-B986-4089-8F00-79D0A516A614}.Release|iPhone.Deploy.0 = Release|Any CPU
		{E8D2EFFF-B986-4089-8F00-79D0A516A614}.Release|iPhoneSimulator.ActiveCfg = Release|Any CPU
		{E8D2EFFF-B986-4089-8F00-79D0A516A614}.Release|iPhoneSimulator.Build.0 = Release|Any CPU
		{E8D2EFFF-B986-4089-8F00-79D0A516A614}.Release|iPhoneSimulator.Deploy.0 = Release|Any CPU
		{E8D2EFFF-B986-4089-8F00-79D0A516A614}.Release|x64.ActiveCfg = Release|Any CPU
		{E8D2EFFF-B986-4089-8F00-79D0A516A614}.Release|x64.Build.0 = Release|Any CPU
		{E8D2EFFF-B986-4089-8F00-79D0A516A614}.Release|x64.Deploy.0 = Release|Any CPU
		{E8D2EFFF-B986-4089-8F00-79D0A516A614}.Release|x86.ActiveCfg = Release|Any CPU
		{E8D2EFFF-B986-4089-8F00-79D0A516A614}.Release|x86.Build.0 = Release|Any CPU
		{E8D2EFFF-B986-4089-8F00-79D0A516A614}.Release|x86.Deploy.0 = Release|Any CPU
		{EF17864E-F428-4D11-A87A-9A1B1C5BD7EA}.Ad-Hoc|Any CPU.ActiveCfg = Release|Any CPU
		{EF17864E-F428-4D11-A87A-9A1B1C5BD7EA}.Ad-Hoc|Any CPU.Build.0 = Release|Any CPU
		{EF17864E-F428-4D11-A87A-9A1B1C5BD7EA}.Ad-Hoc|ARM.ActiveCfg = Release|Any CPU
		{EF17864E-F428-4D11-A87A-9A1B1C5BD7EA}.Ad-Hoc|ARM.Build.0 = Release|Any CPU
		{EF17864E-F428-4D11-A87A-9A1B1C5BD7EA}.Ad-Hoc|iPhone.ActiveCfg = Release|Any CPU
		{EF17864E-F428-4D11-A87A-9A1B1C5BD7EA}.Ad-Hoc|iPhone.Build.0 = Release|Any CPU
		{EF17864E-F428-4D11-A87A-9A1B1C5BD7EA}.Ad-Hoc|iPhoneSimulator.ActiveCfg = Release|Any CPU
		{EF17864E-F428-4D11-A87A-9A1B1C5BD7EA}.Ad-Hoc|iPhoneSimulator.Build.0 = Release|Any CPU
		{EF17864E-F428-4D11-A87A-9A1B1C5BD7EA}.Ad-Hoc|x64.ActiveCfg = Release|Any CPU
		{EF17864E-F428-4D11-A87A-9A1B1C5BD7EA}.Ad-Hoc|x64.Build.0 = Release|Any CPU
		{EF17864E-F428-4D11-A87A-9A1B1C5BD7EA}.Ad-Hoc|x86.ActiveCfg = Release|Any CPU
		{EF17864E-F428-4D11-A87A-9A1B1C5BD7EA}.Ad-Hoc|x86.Build.0 = Release|Any CPU
		{EF17864E-F428-4D11-A87A-9A1B1C5BD7EA}.AppStore|Any CPU.ActiveCfg = Release|Any CPU
		{EF17864E-F428-4D11-A87A-9A1B1C5BD7EA}.AppStore|Any CPU.Build.0 = Release|Any CPU
		{EF17864E-F428-4D11-A87A-9A1B1C5BD7EA}.AppStore|ARM.ActiveCfg = Release|Any CPU
		{EF17864E-F428-4D11-A87A-9A1B1C5BD7EA}.AppStore|ARM.Build.0 = Release|Any CPU
		{EF17864E-F428-4D11-A87A-9A1B1C5BD7EA}.AppStore|iPhone.ActiveCfg = Release|Any CPU
		{EF17864E-F428-4D11-A87A-9A1B1C5BD7EA}.AppStore|iPhone.Build.0 = Release|Any CPU
		{EF17864E-F428-4D11-A87A-9A1B1C5BD7EA}.AppStore|iPhoneSimulator.ActiveCfg = Release|Any CPU
		{EF17864E-F428-4D11-A87A-9A1B1C5BD7EA}.AppStore|iPhoneSimulator.Build.0 = Release|Any CPU
		{EF17864E-F428-4D11-A87A-9A1B1C5BD7EA}.AppStore|x64.ActiveCfg = Release|Any CPU
		{EF17864E-F428-4D11-A87A-9A1B1C5BD7EA}.AppStore|x64.Build.0 = Release|Any CPU
		{EF17864E-F428-4D11-A87A-9A1B1C5BD7EA}.AppStore|x86.ActiveCfg = Release|Any CPU
		{EF17864E-F428-4D11-A87A-9A1B1C5BD7EA}.AppStore|x86.Build.0 = Release|Any CPU
		{EF17864E-F428-4D11-A87A-9A1B1C5BD7EA}.Debug|Any CPU.ActiveCfg = Debug|Any CPU
		{EF17864E-F428-4D11-A87A-9A1B1C5BD7EA}.Debug|Any CPU.Build.0 = Debug|Any CPU
		{EF17864E-F428-4D11-A87A-9A1B1C5BD7EA}.Debug|ARM.ActiveCfg = Debug|Any CPU
		{EF17864E-F428-4D11-A87A-9A1B1C5BD7EA}.Debug|ARM.Build.0 = Debug|Any CPU
		{EF17864E-F428-4D11-A87A-9A1B1C5BD7EA}.Debug|iPhone.ActiveCfg = Debug|Any CPU
		{EF17864E-F428-4D11-A87A-9A1B1C5BD7EA}.Debug|iPhone.Build.0 = Debug|Any CPU
		{EF17864E-F428-4D11-A87A-9A1B1C5BD7EA}.Debug|iPhoneSimulator.ActiveCfg = Debug|Any CPU
		{EF17864E-F428-4D11-A87A-9A1B1C5BD7EA}.Debug|iPhoneSimulator.Build.0 = Debug|Any CPU
		{EF17864E-F428-4D11-A87A-9A1B1C5BD7EA}.Debug|x64.ActiveCfg = Debug|Any CPU
		{EF17864E-F428-4D11-A87A-9A1B1C5BD7EA}.Debug|x64.Build.0 = Debug|Any CPU
		{EF17864E-F428-4D11-A87A-9A1B1C5BD7EA}.Debug|x86.ActiveCfg = Debug|Any CPU
		{EF17864E-F428-4D11-A87A-9A1B1C5BD7EA}.Debug|x86.Build.0 = Debug|Any CPU
		{EF17864E-F428-4D11-A87A-9A1B1C5BD7EA}.Release|Any CPU.ActiveCfg = Release|Any CPU
		{EF17864E-F428-4D11-A87A-9A1B1C5BD7EA}.Release|Any CPU.Build.0 = Release|Any CPU
		{EF17864E-F428-4D11-A87A-9A1B1C5BD7EA}.Release|ARM.ActiveCfg = Release|Any CPU
		{EF17864E-F428-4D11-A87A-9A1B1C5BD7EA}.Release|ARM.Build.0 = Release|Any CPU
		{EF17864E-F428-4D11-A87A-9A1B1C5BD7EA}.Release|iPhone.ActiveCfg = Release|Any CPU
		{EF17864E-F428-4D11-A87A-9A1B1C5BD7EA}.Release|iPhone.Build.0 = Release|Any CPU
		{EF17864E-F428-4D11-A87A-9A1B1C5BD7EA}.Release|iPhoneSimulator.ActiveCfg = Release|Any CPU
		{EF17864E-F428-4D11-A87A-9A1B1C5BD7EA}.Release|iPhoneSimulator.Build.0 = Release|Any CPU
		{EF17864E-F428-4D11-A87A-9A1B1C5BD7EA}.Release|x64.ActiveCfg = Release|Any CPU
		{EF17864E-F428-4D11-A87A-9A1B1C5BD7EA}.Release|x64.Build.0 = Release|Any CPU
		{EF17864E-F428-4D11-A87A-9A1B1C5BD7EA}.Release|x86.ActiveCfg = Release|Any CPU
		{EF17864E-F428-4D11-A87A-9A1B1C5BD7EA}.Release|x86.Build.0 = Release|Any CPU
		{09B3997D-D225-4A7E-9DFB-9188813AE141}.Ad-Hoc|Any CPU.ActiveCfg = Release|x86
		{09B3997D-D225-4A7E-9DFB-9188813AE141}.Ad-Hoc|Any CPU.Build.0 = Release|x86
		{09B3997D-D225-4A7E-9DFB-9188813AE141}.Ad-Hoc|Any CPU.Deploy.0 = Release|x86
		{09B3997D-D225-4A7E-9DFB-9188813AE141}.Ad-Hoc|ARM.ActiveCfg = Release|ARM
		{09B3997D-D225-4A7E-9DFB-9188813AE141}.Ad-Hoc|ARM.Build.0 = Release|ARM
		{09B3997D-D225-4A7E-9DFB-9188813AE141}.Ad-Hoc|ARM.Deploy.0 = Release|ARM
		{09B3997D-D225-4A7E-9DFB-9188813AE141}.Ad-Hoc|iPhone.ActiveCfg = Release|x86
		{09B3997D-D225-4A7E-9DFB-9188813AE141}.Ad-Hoc|iPhone.Build.0 = Release|x86
		{09B3997D-D225-4A7E-9DFB-9188813AE141}.Ad-Hoc|iPhone.Deploy.0 = Release|x86
		{09B3997D-D225-4A7E-9DFB-9188813AE141}.Ad-Hoc|iPhoneSimulator.ActiveCfg = Release|x86
		{09B3997D-D225-4A7E-9DFB-9188813AE141}.Ad-Hoc|iPhoneSimulator.Build.0 = Release|x86
		{09B3997D-D225-4A7E-9DFB-9188813AE141}.Ad-Hoc|iPhoneSimulator.Deploy.0 = Release|x86
		{09B3997D-D225-4A7E-9DFB-9188813AE141}.Ad-Hoc|x64.ActiveCfg = Release|x64
		{09B3997D-D225-4A7E-9DFB-9188813AE141}.Ad-Hoc|x64.Build.0 = Release|x64
		{09B3997D-D225-4A7E-9DFB-9188813AE141}.Ad-Hoc|x64.Deploy.0 = Release|x64
		{09B3997D-D225-4A7E-9DFB-9188813AE141}.Ad-Hoc|x86.ActiveCfg = Release|x86
		{09B3997D-D225-4A7E-9DFB-9188813AE141}.Ad-Hoc|x86.Build.0 = Release|x86
		{09B3997D-D225-4A7E-9DFB-9188813AE141}.Ad-Hoc|x86.Deploy.0 = Release|x86
		{09B3997D-D225-4A7E-9DFB-9188813AE141}.AppStore|Any CPU.ActiveCfg = Release|x86
		{09B3997D-D225-4A7E-9DFB-9188813AE141}.AppStore|Any CPU.Build.0 = Release|x86
		{09B3997D-D225-4A7E-9DFB-9188813AE141}.AppStore|Any CPU.Deploy.0 = Release|x86
		{09B3997D-D225-4A7E-9DFB-9188813AE141}.AppStore|ARM.ActiveCfg = Release|ARM
		{09B3997D-D225-4A7E-9DFB-9188813AE141}.AppStore|ARM.Build.0 = Release|ARM
		{09B3997D-D225-4A7E-9DFB-9188813AE141}.AppStore|ARM.Deploy.0 = Release|ARM
		{09B3997D-D225-4A7E-9DFB-9188813AE141}.AppStore|iPhone.ActiveCfg = Release|x86
		{09B3997D-D225-4A7E-9DFB-9188813AE141}.AppStore|iPhone.Build.0 = Release|x86
		{09B3997D-D225-4A7E-9DFB-9188813AE141}.AppStore|iPhone.Deploy.0 = Release|x86
		{09B3997D-D225-4A7E-9DFB-9188813AE141}.AppStore|iPhoneSimulator.ActiveCfg = Release|x86
		{09B3997D-D225-4A7E-9DFB-9188813AE141}.AppStore|iPhoneSimulator.Build.0 = Release|x86
		{09B3997D-D225-4A7E-9DFB-9188813AE141}.AppStore|iPhoneSimulator.Deploy.0 = Release|x86
		{09B3997D-D225-4A7E-9DFB-9188813AE141}.AppStore|x64.ActiveCfg = Release|x64
		{09B3997D-D225-4A7E-9DFB-9188813AE141}.AppStore|x64.Build.0 = Release|x64
		{09B3997D-D225-4A7E-9DFB-9188813AE141}.AppStore|x64.Deploy.0 = Release|x64
		{09B3997D-D225-4A7E-9DFB-9188813AE141}.AppStore|x86.ActiveCfg = Release|x86
		{09B3997D-D225-4A7E-9DFB-9188813AE141}.AppStore|x86.Build.0 = Release|x86
		{09B3997D-D225-4A7E-9DFB-9188813AE141}.AppStore|x86.Deploy.0 = Release|x86
		{09B3997D-D225-4A7E-9DFB-9188813AE141}.Debug|Any CPU.ActiveCfg = Debug|x86
		{09B3997D-D225-4A7E-9DFB-9188813AE141}.Debug|ARM.ActiveCfg = Debug|ARM
		{09B3997D-D225-4A7E-9DFB-9188813AE141}.Debug|ARM.Build.0 = Debug|ARM
		{09B3997D-D225-4A7E-9DFB-9188813AE141}.Debug|ARM.Deploy.0 = Debug|ARM
		{09B3997D-D225-4A7E-9DFB-9188813AE141}.Debug|iPhone.ActiveCfg = Debug|x86
		{09B3997D-D225-4A7E-9DFB-9188813AE141}.Debug|iPhoneSimulator.ActiveCfg = Debug|x86
		{09B3997D-D225-4A7E-9DFB-9188813AE141}.Debug|x64.ActiveCfg = Debug|x64
		{09B3997D-D225-4A7E-9DFB-9188813AE141}.Debug|x64.Build.0 = Debug|x64
		{09B3997D-D225-4A7E-9DFB-9188813AE141}.Debug|x64.Deploy.0 = Debug|x64
		{09B3997D-D225-4A7E-9DFB-9188813AE141}.Debug|x86.ActiveCfg = Debug|x86
		{09B3997D-D225-4A7E-9DFB-9188813AE141}.Debug|x86.Build.0 = Debug|x86
		{09B3997D-D225-4A7E-9DFB-9188813AE141}.Debug|x86.Deploy.0 = Debug|x86
		{09B3997D-D225-4A7E-9DFB-9188813AE141}.Release|Any CPU.ActiveCfg = Release|x86
		{09B3997D-D225-4A7E-9DFB-9188813AE141}.Release|ARM.ActiveCfg = Release|ARM
		{09B3997D-D225-4A7E-9DFB-9188813AE141}.Release|ARM.Build.0 = Release|ARM
		{09B3997D-D225-4A7E-9DFB-9188813AE141}.Release|ARM.Deploy.0 = Release|ARM
		{09B3997D-D225-4A7E-9DFB-9188813AE141}.Release|iPhone.ActiveCfg = Release|x86
		{09B3997D-D225-4A7E-9DFB-9188813AE141}.Release|iPhoneSimulator.ActiveCfg = Release|x86
		{09B3997D-D225-4A7E-9DFB-9188813AE141}.Release|x64.ActiveCfg = Release|x64
		{09B3997D-D225-4A7E-9DFB-9188813AE141}.Release|x64.Build.0 = Release|x64
		{09B3997D-D225-4A7E-9DFB-9188813AE141}.Release|x64.Deploy.0 = Release|x64
		{09B3997D-D225-4A7E-9DFB-9188813AE141}.Release|x86.ActiveCfg = Release|x86
		{09B3997D-D225-4A7E-9DFB-9188813AE141}.Release|x86.Build.0 = Release|x86
		{09B3997D-D225-4A7E-9DFB-9188813AE141}.Release|x86.Deploy.0 = Release|x86
		{CF823E83-AC01-44AD-B78E-81B09BE44F44}.Ad-Hoc|Any CPU.ActiveCfg = Ad-Hoc|iPhone
		{CF823E83-AC01-44AD-B78E-81B09BE44F44}.Ad-Hoc|ARM.ActiveCfg = Ad-Hoc|iPhone
		{CF823E83-AC01-44AD-B78E-81B09BE44F44}.Ad-Hoc|iPhone.ActiveCfg = Ad-Hoc|iPhone
		{CF823E83-AC01-44AD-B78E-81B09BE44F44}.Ad-Hoc|iPhone.Build.0 = Ad-Hoc|iPhone
		{CF823E83-AC01-44AD-B78E-81B09BE44F44}.Ad-Hoc|iPhoneSimulator.ActiveCfg = Ad-Hoc|iPhoneSimulator
		{CF823E83-AC01-44AD-B78E-81B09BE44F44}.Ad-Hoc|iPhoneSimulator.Build.0 = Ad-Hoc|iPhoneSimulator
		{CF823E83-AC01-44AD-B78E-81B09BE44F44}.Ad-Hoc|x64.ActiveCfg = Ad-Hoc|iPhone
		{CF823E83-AC01-44AD-B78E-81B09BE44F44}.Ad-Hoc|x86.ActiveCfg = Ad-Hoc|iPhone
		{CF823E83-AC01-44AD-B78E-81B09BE44F44}.AppStore|Any CPU.ActiveCfg = AppStore|iPhone
		{CF823E83-AC01-44AD-B78E-81B09BE44F44}.AppStore|ARM.ActiveCfg = AppStore|iPhone
		{CF823E83-AC01-44AD-B78E-81B09BE44F44}.AppStore|iPhone.ActiveCfg = AppStore|iPhone
		{CF823E83-AC01-44AD-B78E-81B09BE44F44}.AppStore|iPhone.Build.0 = AppStore|iPhone
		{CF823E83-AC01-44AD-B78E-81B09BE44F44}.AppStore|iPhoneSimulator.ActiveCfg = AppStore|iPhoneSimulator
		{CF823E83-AC01-44AD-B78E-81B09BE44F44}.AppStore|iPhoneSimulator.Build.0 = AppStore|iPhoneSimulator
		{CF823E83-AC01-44AD-B78E-81B09BE44F44}.AppStore|x64.ActiveCfg = AppStore|iPhone
		{CF823E83-AC01-44AD-B78E-81B09BE44F44}.AppStore|x86.ActiveCfg = AppStore|iPhone
		{CF823E83-AC01-44AD-B78E-81B09BE44F44}.Debug|Any CPU.ActiveCfg = Debug|iPhone
		{CF823E83-AC01-44AD-B78E-81B09BE44F44}.Debug|ARM.ActiveCfg = Debug|iPhone
		{CF823E83-AC01-44AD-B78E-81B09BE44F44}.Debug|iPhone.ActiveCfg = Debug|iPhone
		{CF823E83-AC01-44AD-B78E-81B09BE44F44}.Debug|iPhone.Build.0 = Debug|iPhone
		{CF823E83-AC01-44AD-B78E-81B09BE44F44}.Debug|iPhoneSimulator.ActiveCfg = Debug|iPhoneSimulator
		{CF823E83-AC01-44AD-B78E-81B09BE44F44}.Debug|iPhoneSimulator.Build.0 = Debug|iPhoneSimulator
		{CF823E83-AC01-44AD-B78E-81B09BE44F44}.Debug|x64.ActiveCfg = Debug|iPhone
		{CF823E83-AC01-44AD-B78E-81B09BE44F44}.Debug|x86.ActiveCfg = Debug|iPhone
		{CF823E83-AC01-44AD-B78E-81B09BE44F44}.Release|Any CPU.ActiveCfg = Release|iPhone
		{CF823E83-AC01-44AD-B78E-81B09BE44F44}.Release|ARM.ActiveCfg = Release|iPhone
		{CF823E83-AC01-44AD-B78E-81B09BE44F44}.Release|iPhone.ActiveCfg = Release|iPhone
		{CF823E83-AC01-44AD-B78E-81B09BE44F44}.Release|iPhone.Build.0 = Release|iPhone
		{CF823E83-AC01-44AD-B78E-81B09BE44F44}.Release|iPhoneSimulator.ActiveCfg = Release|iPhoneSimulator
		{CF823E83-AC01-44AD-B78E-81B09BE44F44}.Release|iPhoneSimulator.Build.0 = Release|iPhoneSimulator
		{CF823E83-AC01-44AD-B78E-81B09BE44F44}.Release|x64.ActiveCfg = Release|iPhone
		{CF823E83-AC01-44AD-B78E-81B09BE44F44}.Release|x86.ActiveCfg = Release|iPhone
		{6FB6D751-3E79-43F1-BCF9-9DCD35A3D011}.Ad-Hoc|Any CPU.ActiveCfg = Release|Any CPU
		{6FB6D751-3E79-43F1-BCF9-9DCD35A3D011}.Ad-Hoc|Any CPU.Build.0 = Release|Any CPU
		{6FB6D751-3E79-43F1-BCF9-9DCD35A3D011}.Ad-Hoc|ARM.ActiveCfg = Release|Any CPU
		{6FB6D751-3E79-43F1-BCF9-9DCD35A3D011}.Ad-Hoc|ARM.Build.0 = Release|Any CPU
		{6FB6D751-3E79-43F1-BCF9-9DCD35A3D011}.Ad-Hoc|iPhone.ActiveCfg = Release|Any CPU
		{6FB6D751-3E79-43F1-BCF9-9DCD35A3D011}.Ad-Hoc|iPhone.Build.0 = Release|Any CPU
		{6FB6D751-3E79-43F1-BCF9-9DCD35A3D011}.Ad-Hoc|iPhoneSimulator.ActiveCfg = Release|Any CPU
		{6FB6D751-3E79-43F1-BCF9-9DCD35A3D011}.Ad-Hoc|iPhoneSimulator.Build.0 = Release|Any CPU
		{6FB6D751-3E79-43F1-BCF9-9DCD35A3D011}.Ad-Hoc|x64.ActiveCfg = Release|Any CPU
		{6FB6D751-3E79-43F1-BCF9-9DCD35A3D011}.Ad-Hoc|x64.Build.0 = Release|Any CPU
		{6FB6D751-3E79-43F1-BCF9-9DCD35A3D011}.Ad-Hoc|x86.ActiveCfg = Release|Any CPU
		{6FB6D751-3E79-43F1-BCF9-9DCD35A3D011}.Ad-Hoc|x86.Build.0 = Release|Any CPU
		{6FB6D751-3E79-43F1-BCF9-9DCD35A3D011}.AppStore|Any CPU.ActiveCfg = Release|Any CPU
		{6FB6D751-3E79-43F1-BCF9-9DCD35A3D011}.AppStore|Any CPU.Build.0 = Release|Any CPU
		{6FB6D751-3E79-43F1-BCF9-9DCD35A3D011}.AppStore|ARM.ActiveCfg = Release|Any CPU
		{6FB6D751-3E79-43F1-BCF9-9DCD35A3D011}.AppStore|ARM.Build.0 = Release|Any CPU
		{6FB6D751-3E79-43F1-BCF9-9DCD35A3D011}.AppStore|iPhone.ActiveCfg = Release|Any CPU
		{6FB6D751-3E79-43F1-BCF9-9DCD35A3D011}.AppStore|iPhone.Build.0 = Release|Any CPU
		{6FB6D751-3E79-43F1-BCF9-9DCD35A3D011}.AppStore|iPhoneSimulator.ActiveCfg = Release|Any CPU
		{6FB6D751-3E79-43F1-BCF9-9DCD35A3D011}.AppStore|iPhoneSimulator.Build.0 = Release|Any CPU
		{6FB6D751-3E79-43F1-BCF9-9DCD35A3D011}.AppStore|x64.ActiveCfg = Release|Any CPU
		{6FB6D751-3E79-43F1-BCF9-9DCD35A3D011}.AppStore|x64.Build.0 = Release|Any CPU
		{6FB6D751-3E79-43F1-BCF9-9DCD35A3D011}.AppStore|x86.ActiveCfg = Release|Any CPU
		{6FB6D751-3E79-43F1-BCF9-9DCD35A3D011}.AppStore|x86.Build.0 = Release|Any CPU
		{6FB6D751-3E79-43F1-BCF9-9DCD35A3D011}.Debug|Any CPU.ActiveCfg = Debug|Any CPU
		{6FB6D751-3E79-43F1-BCF9-9DCD35A3D011}.Debug|Any CPU.Build.0 = Debug|Any CPU
		{6FB6D751-3E79-43F1-BCF9-9DCD35A3D011}.Debug|ARM.ActiveCfg = Debug|Any CPU
		{6FB6D751-3E79-43F1-BCF9-9DCD35A3D011}.Debug|ARM.Build.0 = Debug|Any CPU
		{6FB6D751-3E79-43F1-BCF9-9DCD35A3D011}.Debug|iPhone.ActiveCfg = Debug|Any CPU
		{6FB6D751-3E79-43F1-BCF9-9DCD35A3D011}.Debug|iPhone.Build.0 = Debug|Any CPU
		{6FB6D751-3E79-43F1-BCF9-9DCD35A3D011}.Debug|iPhoneSimulator.ActiveCfg = Debug|Any CPU
		{6FB6D751-3E79-43F1-BCF9-9DCD35A3D011}.Debug|iPhoneSimulator.Build.0 = Debug|Any CPU
		{6FB6D751-3E79-43F1-BCF9-9DCD35A3D011}.Debug|x64.ActiveCfg = Debug|Any CPU
		{6FB6D751-3E79-43F1-BCF9-9DCD35A3D011}.Debug|x64.Build.0 = Debug|Any CPU
		{6FB6D751-3E79-43F1-BCF9-9DCD35A3D011}.Debug|x86.ActiveCfg = Debug|Any CPU
		{6FB6D751-3E79-43F1-BCF9-9DCD35A3D011}.Debug|x86.Build.0 = Debug|Any CPU
		{6FB6D751-3E79-43F1-BCF9-9DCD35A3D011}.Release|Any CPU.ActiveCfg = Release|Any CPU
		{6FB6D751-3E79-43F1-BCF9-9DCD35A3D011}.Release|Any CPU.Build.0 = Release|Any CPU
		{6FB6D751-3E79-43F1-BCF9-9DCD35A3D011}.Release|ARM.ActiveCfg = Release|Any CPU
		{6FB6D751-3E79-43F1-BCF9-9DCD35A3D011}.Release|ARM.Build.0 = Release|Any CPU
		{6FB6D751-3E79-43F1-BCF9-9DCD35A3D011}.Release|iPhone.ActiveCfg = Release|Any CPU
		{6FB6D751-3E79-43F1-BCF9-9DCD35A3D011}.Release|iPhone.Build.0 = Release|Any CPU
		{6FB6D751-3E79-43F1-BCF9-9DCD35A3D011}.Release|iPhoneSimulator.ActiveCfg = Release|Any CPU
		{6FB6D751-3E79-43F1-BCF9-9DCD35A3D011}.Release|iPhoneSimulator.Build.0 = Release|Any CPU
		{6FB6D751-3E79-43F1-BCF9-9DCD35A3D011}.Release|x64.ActiveCfg = Release|Any CPU
		{6FB6D751-3E79-43F1-BCF9-9DCD35A3D011}.Release|x64.Build.0 = Release|Any CPU
		{6FB6D751-3E79-43F1-BCF9-9DCD35A3D011}.Release|x86.ActiveCfg = Release|Any CPU
		{6FB6D751-3E79-43F1-BCF9-9DCD35A3D011}.Release|x86.Build.0 = Release|Any CPU
	EndGlobalSection
	GlobalSection(SolutionProperties) = preSolution
		HideSolutionNode = FALSE
	EndGlobalSection
	GlobalSection(NestedProjects) = preSolution
		{6FB6D751-3E79-43F1-BCF9-9DCD35A3D011} = {CEDE4BFA-81FC-4E92-9C6A-36B238678D63}
	EndGlobalSection
EndGlobal
